
Microsoft Visual Studio Solution File, Format Version 12.00
# Visual Studio Version 17
VisualStudioVersion = 17.1.32328.378
MinimumVisualStudioVersion = 10.0.40219.1
Project("{FAE04EC0-301F-11D3-BF4B-00C04F79EFBC}") = "JsonParser_2", "JsonParser_2\JsonParser_2.csproj", "{875C62C4-DF5E-4300-999C-B8D750788722}"
EndProject
Global
	GlobalSection(SolutionConfigurationPlatforms) = preSolution
		Debug|Any CPU = Debug|Any CPU
		Release|Any CPU = Release|Any CPU
	EndGlobalSection
	GlobalSection(ProjectConfigurationPlatforms) = postSolution
		{875C62C4-DF5E-4300-999C-B8D750788722}.Debug|Any CPU.ActiveCfg = Debug|Any CPU
		{875C62C4-DF5E-4300-999C-B8D750788722}.Debug|Any CPU.Build.0 = Debug|Any CPU
		{875C62C4-DF5E-4300-999C-B8D750788722}.Release|Any CPU.ActiveCfg = Release|Any CPU
		{875C62C4-DF5E-4300-999C-B8D750788722}.Release|Any CPU.Build.0 = Release|Any CPU
	EndGlobalSection
	GlobalSection(SolutionProperties) = preSolution
		HideSolutionNode = FALSE
	EndGlobalSection
	GlobalSection(ExtensibilityGlobals) = postSolution
		SolutionGuid = {1C533819-2507-43A2-8B94-A9D91A222F7F}
	EndGlobalSection
EndGlobal
